Microsoft Visual Studio Solution File, Format Version 11.00
# Visual Studio 2008

Project("{41D3E2A1-2F9E-B2C6-4CEA-7FA0A8B9207A}") = "IZS", "Assembly-CSharp-firstpass-vs.csproj", "{E77BE0E5-A734-9131-3FFC-D0706653D185}"
EndProject
Project("{41D3E2A1-2F9E-B2C6-4CEA-7FA0A8B9207A}") = "IZS", "Assembly-CSharp-vs.csproj", "{FED9FFA0-6DBE-FC2C-8A38-BFB924072201}"
EndProject
Global
	GlobalSection(SolutionConfigurationPlatforms) = preSolution
		Debug|Any CPU = Debug|Any CPU
		Release|Any CPU = Release|Any CPU
	EndGlobalSection
	GlobalSection(ProjectConfigurationPlatforms) = postSolution
		{E77BE0E5-A734-9131-3FFC-D0706653D185}.Debug|Any CPU.ActiveCfg = Debug|Any CPU
		{E77BE0E5-A734-9131-3FFC-D0706653D185}.Debug|Any CPU.Build.0 = Debug|Any CPU
		{E77BE0E5-A734-9131-3FFC-D0706653D185}.Release|Any CPU.ActiveCfg = Release|Any CPU
		{E77BE0E5-A734-9131-3FFC-D0706653D185}.Release|Any CPU.Build.0 = Release|Any CPU
		{FED9FFA0-6DBE-FC2C-8A38-BFB924072201}.Debug|Any CPU.ActiveCfg = Debug|Any CPU
		{FED9FFA0-6DBE-FC2C-8A38-BFB924072201}.Debug|Any CPU.Build.0 = Debug|Any CPU
		{FED9FFA0-6DBE-FC2C-8A38-BFB924072201}.Release|Any CPU.ActiveCfg = Release|Any CPU
		{FED9FFA0-6DBE-FC2C-8A38-BFB924072201}.Release|Any CPU.Build.0 = Release|Any CPU
	EndGlobalSection
	GlobalSection(SolutionProperties) = preSolution
		HideSolutionNode = FALSE
	EndGlobalSection
				GlobalSection(MonoDevelopProperties) = preSolution
		StartupItem = Assembly-CSharp.csproj
		Policies = $0
		$0.TextStylePolicy = $1
		$1.inheritsSet = null
		$1.scope = text/x-csharp
		$0.CSharpFormattingPolicy = $2
		$2.inheritsSet = Mono
		$2.inheritsScope = text/x-csharp
		$2.scope = text/x-csharp
		$0.TextStylePolicy = $3
		$3.FileWidth = 120
		$3.TabWidth = 4
		$3.EolMarker = Unix
		$3.inheritsSet = Mono
		$3.inheritsScope = text/plain
		$3.scope = text/plain
	EndGlobalSection

EndGlobal
